// !$*UTF8*$!
{
	archiveVersion = 1;
	classes = {
	};
	objectVersion = 56;
	objects = {

/* Begin PBXBuildFile section */
		2777A4BB2BF4E875007AF4A8 /* AppDelegate.swift in Sources */ = {isa = PBXBuildFile; fileRef = 2777A4BA2BF4E875007AF4A8 /* AppDelegate.swift */; };
		2777A4BD2BF4E875007AF4A8 /* SceneDelegate.swift in Sources */ = {isa = PBXBuildFile; fileRef = 2777A4BC2BF4E875007AF4A8 /* SceneDelegate.swift */; };
		2777A4BF2BF4E875007AF4A8 /* FirstPaywallViewController.swift in Sources */ = {isa = PBXBuildFile; fileRef = 2777A4BE2BF4E875007AF4A8 /* FirstPaywallViewController.swift */; };
		2777A4C42BF4E876007AF4A8 /* Assets.xcassets in Resources */ = {isa = PBXBuildFile; fileRef = 2777A4C32BF4E876007AF4A8 /* Assets.xcassets */; };
		2777A4C72BF4E876007AF4A8 /* Base in Resources */ = {isa = PBXBuildFile; fileRef = 2777A4C62BF4E876007AF4A8 /* Base */; };
		2777A4D02BF4E885007AF4A8 /* SnapKit in Frameworks */ = {isa = PBXBuildFile; productRef = 2777A4CF2BF4E885007AF4A8 /* SnapKit */; };
		2777A4D42BF4ED54007AF4A8 /* Localizable.xcstrings in Resources */ = {isa = PBXBuildFile; fileRef = 2777A4D32BF4ED54007AF4A8 /* Localizable.xcstrings */; };
		2777A4D82BF63B72007AF4A8 /* AnimatedGradientButton.swift in Sources */ = {isa = PBXBuildFile; fileRef = 2777A4D72BF63B72007AF4A8 /* AnimatedGradientButton.swift */; };
		2777A4E02BF654E6007AF4A8 /* UIButton+Extension.swift in Sources */ = {isa = PBXBuildFile; fileRef = 2777A4DF2BF654E6007AF4A8 /* UIButton+Extension.swift */; };
		2777A4E22BF65602007AF4A8 /* FirstPaywallViewModel.swift in Sources */ = {isa = PBXBuildFile; fileRef = 2777A4E12BF65602007AF4A8 /* FirstPaywallViewModel.swift */; };
		2777A4E42BF75BC0007AF4A8 /* CustomView.swift in Sources */ = {isa = PBXBuildFile; fileRef = 2777A4E32BF75BC0007AF4A8 /* CustomView.swift */; };
/* End PBXBuildFile section */

/* Begin PBXFileReference section */
		2777A4B72BF4E875007AF4A8 /* AkimTest.app */ = {isa = PBXFileReference; explicitFileType = wrapper.application; includeInIndex = 0; path = AkimTest.app; sourceTree = BUILT_PRODUCTS_DIR; };
		2777A4BA2BF4E875007AF4A8 /* AppDelegate.swift */ = {isa = PBXFileReference; lastKnownFileType = sourcecode.swift; path = AppDelegate.swift; sourceTree = "<group>"; };
		2777A4BC2BF4E875007AF4A8 /* SceneDelegate.swift */ = {isa = PBXFileReference; lastKnownFileType = sourcecode.swift; path = SceneDelegate.swift; sourceTree = "<group>"; };
		2777A4BE2BF4E875007AF4A8 /* FirstPaywallViewController.swift */ = {isa = PBXFileReference; lastKnownFileType = sourcecode.swift; path = FirstPaywallViewController.swift; sourceTree = "<group>"; };
		2777A4C32BF4E876007AF4A8 /* Assets.xcassets */ = {isa = PBXFileReference; lastKnownFileType = folder.assetcatalog; path = Assets.xcassets; sourceTree = "<group>"; };
		2777A4C62BF4E876007AF4A8 /* Base */ = {isa = PBXFileReference; lastKnownFileType = file.storyboard; name = Base; path = Base.lproj/LaunchScreen.storyboard; sourceTree = "<group>"; };
		2777A4C82BF4E876007AF4A8 /* Info.plist */ = {isa = PBXFileReference; lastKnownFileType = text.plist.xml; path = Info.plist; sourceTree = "<group>"; };
		2777A4D32BF4ED54007AF4A8 /* Localizable.xcstrings */ = {isa = PBXFileReference; lastKnownFileType = text.json.xcstrings; path = Localizable.xcstrings; sourceTree = "<group>"; };
		2777A4D72BF63B72007AF4A8 /* AnimatedGradientButton.swift */ = {isa = PBXFileReference; lastKnownFileType = sourcecode.swift; path = AnimatedGradientButton.swift; sourceTree = "<group>"; };
		2777A4DF2BF654E6007AF4A8 /* UIButton+Extension.swift */ = {isa = PBXFileReference; lastKnownFileType = sourcecode.swift; path = "UIButton+Extension.swift"; sourceTree = "<group>"; };
		2777A4E12BF65602007AF4A8 /* FirstPaywallViewModel.swift */ = {isa = PBXFileReference; lastKnownFileType = sourcecode.swift; path = FirstPaywallViewModel.swift; sourceTree = "<group>"; };
		2777A4E32BF75BC0007AF4A8 /* CustomView.swift */ = {isa = PBXFileReference; lastKnownFileType = sourcecode.swift; path = CustomView.swift; sourceTree = "<group>"; };
/* End PBXFileReference section */

/* Begin PBXFrameworksBuildPhase section */
		2777A4B42BF4E875007AF4A8 /* Frameworks */ = {
			isa = PBXFrameworksBuildPhase;
			buildActionMask = 2147483647;
			files = (
				2777A4D02BF4E885007AF4A8 /* SnapKit in Frameworks */,
			);
			runOnlyForDeploymentPostprocessing = 0;
		};
/* End PBXFrameworksBuildPhase section */

/* Begin PBXGroup section */
		2777A4AE2BF4E875007AF4A8 = {
			isa = PBXGroup;
			children = (
				2777A4B92BF4E875007AF4A8 /* AkimTest */,
				2777A4B82BF4E875007AF4A8 /* Products */,
			);
			sourceTree = "<group>";
		};
		2777A4B82BF4E875007AF4A8 /* Products */ = {
			isa = PBXGroup;
			children = (
				2777A4B72BF4E875007AF4A8 /* AkimTest.app */,
			);
			name = Products;
			sourceTree = "<group>";
		};
		2777A4B92BF4E875007AF4A8 /* AkimTest */ = {
			isa = PBXGroup;
			children = (
				2777A4DE2BF654C3007AF4A8 /* Extensions */,
				2777A4DC2BF651DA007AF4A8 /* FirstPaywall */,
				2777A4D12BF4E945007AF4A8 /* Application */,
				2777A4D22BF4E956007AF4A8 /* Resources */,
			);
			path = AkimTest;
			sourceTree = "<group>";
		};
		2777A4D12BF4E945007AF4A8 /* Application */ = {
			isa = PBXGroup;
			children = (
				2777A4BA2BF4E875007AF4A8 /* AppDelegate.swift */,
				2777A4BC2BF4E875007AF4A8 /* SceneDelegate.swift */,
			);
			path = Application;
			sourceTree = "<group>";
		};
		2777A4D22BF4E956007AF4A8 /* Resources */ = {
			isa = PBXGroup;
			children = (
				2777A4D32BF4ED54007AF4A8 /* Localizable.xcstrings */,
				2777A4C32BF4E876007AF4A8 /* Assets.xcassets */,
				2777A4C52BF4E876007AF4A8 /* LaunchScreen.storyboard */,
				2777A4C82BF4E876007AF4A8 /* Info.plist */,
			);
			path = Resources;
			sourceTree = "<group>";
		};
		2777A4DC2BF651DA007AF4A8 /* FirstPaywall */ = {
			isa = PBXGroup;
			children = (
				2777A4DD2BF651F1007AF4A8 /* Views */,
				2777A4BE2BF4E875007AF4A8 /* FirstPaywallViewController.swift */,
				2777A4E12BF65602007AF4A8 /* FirstPaywallViewModel.swift */,
			);
			path = FirstPaywall;
			sourceTree = "<group>";
		};
		2777A4DD2BF651F1007AF4A8 /* Views */ = {
			isa = PBXGroup;
			children = (
				2777A4D72BF63B72007AF4A8 /* AnimatedGradientButton.swift */,
				2777A4E32BF75BC0007AF4A8 /* CustomView.swift */,
			);
			path = Views;
			sourceTree = "<group>";
		};
		2777A4DE2BF654C3007AF4A8 /* Extensions */ = {
			isa = PBXGroup;
			children = (
				2777A4DF2BF654E6007AF4A8 /* UIButton+Extension.swift */,
			);
			path = Extensions;
			sourceTree = "<group>";
		};
/* End PBXGroup section */

/* Begin PBXNativeTarget section */
		2777A4B62BF4E875007AF4A8 /* AkimTest */ = {
			isa = PBXNativeTarget;
			buildConfigurationList = 2777A4CB2BF4E876007AF4A8 /* Build configuration list for PBXNativeTarget "AkimTest" */;
			buildPhases = (
				2777A4B32BF4E875007AF4A8 /* Sources */,
				2777A4B42BF4E875007AF4A8 /* Frameworks */,
				2777A4B52BF4E875007AF4A8 /* Resources */,
			);
			buildRules = (
			);
			dependencies = (
			);
			name = AkimTest;
			packageProductDependencies = (
				2777A4CF2BF4E885007AF4A8 /* SnapKit */,
			);
			productName = AkimTest;
			productReference = 2777A4B72BF4E875007AF4A8 /* AkimTest.app */;
			productType = "com.apple.product-type.application";
		};
/* End PBXNativeTarget section */

/* Begin PBXProject section */
		2777A4AF2BF4E875007AF4A8 /* Project object */ = {
			isa = PBXProject;
			attributes = {
				BuildIndependentTargetsInParallel = 1;
				LastSwiftUpdateCheck = 1540;
				LastUpgradeCheck = 1540;
				TargetAttributes = {
					2777A4B62BF4E875007AF4A8 = {
						CreatedOnToolsVersion = 15.4;
					};
				};
			};
			buildConfigurationList = 2777A4B22BF4E875007AF4A8 /* Build configuration list for PBXProject "AkimTest" */;
			compatibilityVersion = "Xcode 14.0";
			developmentRegion = en;
			hasScannedForEncodings = 0;
			knownRegions = (
				en,
				Base,
			);
			mainGroup = 2777A4AE2BF4E875007AF4A8;
			packageReferences = (
				2777A4CE2BF4E885007AF4A8 /* XCRemoteSwiftPackageReference "SnapKit" */,
			);
			productRefGroup = 2777A4B82BF4E875007AF4A8 /* Products */;
			projectDirPath = "";
			projectRoot = "";
			targets = (
				2777A4B62BF4E875007AF4A8 /* AkimTest */,
			);
		};
/* End PBXProject section */

/* Begin PBXResourcesBuildPhase section */
		2777A4B52BF4E875007AF4A8 /* Resources */ = {
			isa = PBXResourcesBuildPhase;
			buildActionMask = 2147483647;
			files = (
				2777A4C42BF4E876007AF4A8 /* Assets.xcassets in Resources */,
				2777A4C72BF4E876007AF4A8 /* Base in Resources */,
				2777A4D42BF4ED54007AF4A8 /* Localizable.xcstrings in Resources */,
			);
			runOnlyForDeploymentPostprocessing = 0;
		};
/* End PBXResourcesBuildPhase section */

/* Begin PBXSourcesBuildPhase section */
		2777A4B32BF4E875007AF4A8 /* Sources */ = {
			isa = PBXSourcesBuildPhase;
			buildActionMask = 2147483647;
			files = (
				2777A4BF2BF4E875007AF4A8 /* FirstPaywallViewController.swift in Sources */,
				2777A4BB2BF4E875007AF4A8 /* AppDelegate.swift in Sources */,
				2777A4E22BF65602007AF4A8 /* FirstPaywallViewModel.swift in Sources */,
				2777A4E42BF75BC0007AF4A8 /* CustomView.swift in Sources */,
				2777A4BD2BF4E875007AF4A8 /* SceneDelegate.swift in Sources */,
				2777A4E02BF654E6007AF4A8 /* UIButton+Extension.swift in Sources */,
				2777A4D82BF63B72007AF4A8 /* AnimatedGradientButton.swift in Sources */,
			);
			runOnlyForDeploymentPostprocessing = 0;
		};
/* End PBXSourcesBuildPhase section */

/* Begin PBXVariantGroup section */
		2777A4C52BF4E876007AF4A8 /* LaunchScreen.storyboard */ = {
			isa = PBXVariantGroup;
			children = (
				2777A4C62BF4E876007AF4A8 /* Base */,
			);
			name = LaunchScreen.storyboard;
			sourceTree = "<group>";
		};
/* End PBXVariantGroup section */

/* Begin XCBuildConfiguration section */
		2777A4C92BF4E876007AF4A8 /* Debug */ = {
			isa = XCBuildConfiguration;
			buildSettings = {
				ALWAYS_SEARCH_USER_PATHS = NO;
				ASSETCATALOG_COMPILER_GENERATE_SWIFT_ASSET_SYMBOL_EXTENSIONS = YES;
				CLANG_ANALYZER_NONNULL = YES;
				CLANG_ANALYZER_NUMBER_OBJECT_CONVERSION = YES_AGGRESSIVE;
				CLANG_CXX_LANGUAGE_STANDARD = "gnu++20";
				CLANG_ENABLE_MODULES = YES;
				CLANG_ENABLE_OBJC_ARC = YES;
				CLANG_ENABLE_OBJC_WEAK = YES;
				CLANG_WARN_BLOCK_CAPTURE_AUTORELEASING = YES;
				CLANG_WARN_BOOL_CONVERSION = YES;
				CLANG_WARN_COMMA = YES;
				CLANG_WARN_CONSTANT_CONVERSION = YES;
				CLANG_WARN_DEPRECATED_OBJC_IMPLEMENTATIONS = YES;
				CLANG_WARN_DIRECT_OBJC_ISA_USAGE = YES_ERROR;
				CLANG_WARN_DOCUMENTATION_COMMENTS = YES;
				CLANG_WARN_EMPTY_BODY = YES;
				CLANG_WARN_ENUM_CONVERSION = YES;
				CLANG_WARN_INFINITE_RECURSION = YES;
				CLANG_WARN_INT_CONVERSION = YES;
				CLANG_WARN_NON_LITERAL_NULL_CONVERSION = YES;
				CLANG_WARN_OBJC_IMPLICIT_RETAIN_SELF = YES;
				CLANG_WARN_OBJC_LITERAL_CONVERSION = YES;
				CLANG_WARN_OBJC_ROOT_CLASS = YES_ERROR;
				CLANG_WARN_QUOTED_INCLUDE_IN_FRAMEWORK_HEADER = YES;
				CLANG_WARN_RANGE_LOOP_ANALYSIS = YES;
				CLANG_WARN_STRICT_PROTOTYPES = YES;
				CLANG_WARN_SUSPICIOUS_MOVE = YES;
				CLANG_WARN_UNGUARDED_AVAILABILITY = YES_AGGRESSIVE;
				CLANG_WARN_UNREACHABLE_CODE = YES;
				CLANG_WARN__DUPLICATE_METHOD_MATCH = YES;
				COPY_PHASE_STRIP = NO;
				DEBUG_INFORMATION_FORMAT = dwarf;
				ENABLE_STRICT_OBJC_MSGSEND = YES;
				ENABLE_TESTABILITY = YES;
				ENABLE_USER_SCRIPT_SANDBOXING = YES;
				GCC_C_LANGUAGE_STANDARD = gnu17;
				GCC_DYNAMIC_NO_PIC = NO;
				GCC_NO_COMMON_BLOCKS = YES;
				GCC_OPTIMIZATION_LEVEL = 0;
				GCC_PREPROCESSOR_DEFINITIONS = (
					"DEBUG=1",
					"$(inherited)",
				);
				GCC_WARN_64_TO_32_BIT_CONVERSION = YES;
				GCC_WARN_ABOUT_RETURN_TYPE = YES_ERROR;
				GCC_WARN_UNDECLARED_SELECTOR = YES;
				GCC_WARN_UNINITIALIZED_AUTOS = YES_AGGRESSIVE;
				GCC_WARN_UNUSED_FUNCTION = YES;
				GCC_WARN_UNUSED_VARIABLE = YES;
				IPHONEOS_DEPLOYMENT_TARGET = 17.5;
				LOCALIZATION_PREFERS_STRING_CATALOGS = YES;
				MTL_ENABLE_DEBUG_INFO = INCLUDE_SOURCE;
				MTL_FAST_MATH = YES;
				ONLY_ACTIVE_ARCH = YES;
				SDKROOT = iphoneos;
				SWIFT_ACTIVE_COMPILATION_CONDITIONS = "DEBUG $(inherited)";
				SWIFT_OPTIMIZATION_LEVEL = "-Onone";
			};
			name = Debug;
		};
		2777A4CA2BF4E876007AF4A8 /* Release */ = {
			isa = XCBuildConfiguration;
			buildSettings = {
				ALWAYS_SEARCH_USER_PATHS = NO;
				ASSETCATALOG_COMPILER_GENERATE_SWIFT_ASSET_SYMBOL_EXTENSIONS = YES;
				CLANG_ANALYZER_NONNULL = YES;
				CLANG_ANALYZER_NUMBER_OBJECT_CONVERSION = YES_AGGRESSIVE;
				CLANG_CXX_LANGUAGE_STANDARD = "gnu++20";
				CLANG_ENABLE_MODULES = YES;
				CLANG_ENABLE_OBJC_ARC = YES;
				CLANG_ENABLE_OBJC_WEAK = YES;
				CLANG_WARN_BLOCK_CAPTURE_AUTORELEASING = YES;
				CLANG_WARN_BOOL_CONVERSION = YES;
				CLANG_WARN_COMMA = YES;
				CLANG_WARN_CONSTANT_CONVERSION = YES;
				CLANG_WARN_DEPRECATED_OBJC_IMPLEMENTATIONS = YES;
				CLANG_WARN_DIRECT_OBJC_ISA_USAGE = YES_ERROR;
				CLANG_WARN_DOCUMENTATION_COMMENTS = YES;
				CLANG_WARN_EMPTY_BODY = YES;
				CLANG_WARN_ENUM_CONVERSION = YES;
				CLANG_WARN_INFINITE_RECURSION = YES;
				CLANG_WARN_INT_CONVERSION = YES;
				CLANG_WARN_NON_LITERAL_NULL_CONVERSION = YES;
				CLANG_WARN_OBJC_IMPLICIT_RETAIN_SELF = YES;
				CLANG_WARN_OBJC_LITERAL_CONVERSION = YES;
				CLANG_WARN_OBJC_ROOT_CLASS = YES_ERROR;
				CLANG_WARN_QUOTED_INCLUDE_IN_FRAMEWORK_HEADER = YES;
				CLANG_WARN_RANGE_LOOP_ANALYSIS = YES;
				CLANG_WARN_STRICT_PROTOTYPES = YES;
				CLANG_WARN_SUSPICIOUS_MOVE = YES;
				CLANG_WARN_UNGUARDED_AVAILABILITY = YES_AGGRESSIVE;
				CLANG_WARN_UNREACHABLE_CODE = YES;
				CLANG_WARN__DUPLICATE_METHOD_MATCH = YES;
				COPY_PHASE_STRIP = NO;
				DEBUG_INFORMATION_FORMAT = "dwarf-with-dsym";
				ENABLE_NS_ASSERTIONS = NO;
				ENABLE_STRICT_OBJC_MSGSEND = YES;
				ENABLE_USER_SCRIPT_SANDBOXING = YES;
				GCC_C_LANGUAGE_STANDARD = gnu17;
				GCC_NO_COMMON_BLOCKS = YES;
				GCC_WARN_64_TO_32_BIT_CONVERSION = YES;
				GCC_WARN_ABOUT_RETURN_TYPE = YES_ERROR;
				GCC_WARN_UNDECLARED_SELECTOR = YES;
				GCC_WARN_UNINITIALIZED_AUTOS = YES_AGGRESSIVE;
				GCC_WARN_UNUSED_FUNCTION = YES;
				GCC_WARN_UNUSED_VARIABLE = YES;
				IPHONEOS_DEPLOYMENT_TARGET = 17.5;
				LOCALIZATION_PREFERS_STRING_CATALOGS = YES;
				MTL_ENABLE_DEBUG_INFO = NO;
				MTL_FAST_MATH = YES;
				SDKROOT = iphoneos;
				SWIFT_COMPILATION_MODE = wholemodule;
				VALIDATE_PRODUCT = YES;
			};
			name = Release;
		};
		2777A4CC2BF4E876007AF4A8 /* Debug */ = {
			isa = XCBuildConfiguration;
			buildSettings = {
				ASSETCATALOG_COMPILER_APPICON_NAME = AppIcon;
				ASSETCATALOG_COMPILER_GLOBAL_ACCENT_COLOR_NAME = AccentColor;
				CODE_SIGN_STYLE = Automatic;
				CURRENT_PROJECT_VERSION = 1;
				DEVELOPMENT_TEAM = 9YW4L3WZ5R;
				GENERATE_INFOPLIST_FILE = YES;
				INFOPLIST_FILE = AkimTest/Resources/Info.plist;
				INFOPLIST_KEY_UIApplicationSupportsIndirectInputEvents = YES;
				INFOPLIST_KEY_UILaunchStoryboardName = LaunchScreen;
				INFOPLIST_KEY_UISupportedInterfaceOrientations = UIInterfaceOrientationPortrait;
				INFOPLIST_KEY_UISupportedInterfaceOrientations_iPad = "UIInterfaceOrientationLandscapeLeft UIInterfaceOrientationLandscapeRight UIInterfaceOrientationPortrait UIInterfaceOrientationPortraitUpsideDown";
				IPHONEOS_DEPLOYMENT_TARGET = 15.0;
				LD_RUNPATH_SEARCH_PATHS = (
					"$(inherited)",
					"@executable_path/Frameworks",
				);
				MARKETING_VERSION = 1.0;
				PRODUCT_BUNDLE_IDENTIFIER = nil.AkimTest;
				PRODUCT_NAME = "$(TARGET_NAME)";
				SUPPORTED_PLATFORMS = "iphoneos iphonesimulator";
				SUPPORTS_MACCATALYST = NO;
				SUPPORTS_MAC_DESIGNED_FOR_IPHONE_IPAD = NO;
				SUPPORTS_XR_DESIGNED_FOR_IPHONE_IPAD = NO;
				SWIFT_EMIT_LOC_STRINGS = YES;
				SWIFT_VERSION = 5.0;
				TARGETED_DEVICE_FAMILY = 1;
			};
			name = Debug;
		};
		2777A4CD2BF4E876007AF4A8 /* Release */ = {
			isa = XCBuildConfiguration;
			buildSettings = {
				ASSETCATALOG_COMPILER_APPICON_NAME = AppIcon;
				ASSETCATALOG_COMPILER_GLOBAL_ACCENT_COLOR_NAME = AccentColor;
				CODE_SIGN_STYLE = Automatic;
				CURRENT_PROJECT_VERSION = 1;
				DEVELOPMENT_TEAM = 9YW4L3WZ5R;
				GENERATE_INFOPLIST_FILE = YES;
				INFOPLIST_FILE = AkimTest/Resources/Info.plist;
				INFOPLIST_KEY_UIApplicationSupportsIndirectInputEvents = YES;
				INFOPLIST_KEY_UILaunchStoryboardName = LaunchScreen;
				INFOPLIST_KEY_UISupportedInterfaceOrientations = UIInterfaceOrientationPortrait;
				INFOPLIST_KEY_UISupportedInterfaceOrientations_iPad = "UIInterfaceOrientationLandscapeLeft UIInterfaceOrientationLandscapeRight UIInterfaceOrientationPortrait UIInterfaceOrientationPortraitUpsideDown";
				IPHONEOS_DEPLOYMENT_TARGET = 15.0;
				LD_RUNPATH_SEARCH_PATHS = (
					"$(inherited)",
					"@executable_path/Frameworks",
				);
				MARKETING_VERSION = 1.0;
				PRODUCT_BUNDLE_IDENTIFIER = nil.AkimTest;
				PRODUCT_NAME = "$(TARGET_NAME)";
				SUPPORTED_PLATFORMS = "iphoneos iphonesimulator";
				SUPPORTS_MACCATALYST = NO;
				SUPPORTS_MAC_DESIGNED_FOR_IPHONE_IPAD = NO;
				SUPPORTS_XR_DESIGNED_FOR_IPHONE_IPAD = NO;
				SWIFT_EMIT_LOC_STRINGS = YES;
				SWIFT_VERSION = 5.0;
				TARGETED_DEVICE_FAMILY = 1;
			};
			name = Release;
		};
/* End XCBuildConfiguration section */

/* Begin XCConfigurationList section */
		2777A4B22BF4E875007AF4A8 /* Build configuration list for PBXProject "AkimTest" */ = {
			isa = XCConfigurationList;
			buildConfigurations = (
				2777A4C92BF4E876007AF4A8 /* Debug */,
				2777A4CA2BF4E876007AF4A8 /* Release */,
			);
			defaultConfigurationIsVisible = 0;
			defaultConfigurationName = Release;
		};
		2777A4CB2BF4E876007AF4A8 /* Build configuration list for PBXNativeTarget "AkimTest" */ = {
			isa = XCConfigurationList;
			buildConfigurations = (
				2777A4CC2BF4E876007AF4A8 /* Debug */,
				2777A4CD2BF4E876007AF4A8 /* Release */,
			);
			defaultConfigurationIsVisible = 0;
			defaultConfigurationName = Release;
		};
/* End XCConfigurationList section */

/* Begin XCRemoteSwiftPackageReference section */
		2777A4CE2BF4E885007AF4A8 /* XCRemoteSwiftPackageReference "SnapKit" */ = {
			isa = XCRemoteSwiftPackageReference;
			repositoryURL = "https://github.com/SnapKit/SnapKit.git";
			requirement = {
				kind = upToNextMajorVersion;
				minimumVersion = 5.7.1;
			};
		};
/* End XCRemoteSwiftPackageReference section */

/* Begin XCSwiftPackageProductDependency section */
		2777A4CF2BF4E885007AF4A8 /* SnapKit */ = {
			isa = XCSwiftPackageProductDependency;
			package = 2777A4CE2BF4E885007AF4A8 /* XCRemoteSwiftPackageReference "SnapKit" */;
			productName = SnapKit;
		};
/* End XCSwiftPackageProductDependency section */
	};
	rootObject = 2777A4AF2BF4E875007AF4A8 /* Project object */;
}
